
Microsoft Visual Studio Solution File, Format Version 12.00
# Visual Studio Version 16
VisualStudioVersion = 16.0.31105.61
MinimumVisualStudioVersion = 10.0.40219.1
Project("{FAE04EC0-301F-11D3-BF4B-00C04F79EFBC}") = "ChequeExtenso.Domain", "ChequeExtenso.ConsoleApp\ChequeExtenso.Domain.csproj", "{B312FF9F-D51A-4285-985C-479E7023B266}"
EndProject
Project("{FAE04EC0-301F-11D3-BF4B-00C04F79EFBC}") = "ChequeExtenso.UnitTest", "ChequeExtenso.UnitTest\ChequeExtenso.UnitTest.csproj", "{49E06251-89A5-4A0B-B329-1FE18CAA63AF}"
EndProject
Global
	GlobalSection(SolutionConfigurationPlatforms) = preSolution
		Debug|Any CPU = Debug|Any CPU
		Release|Any CPU = Release|Any CPU
	EndGlobalSection
	GlobalSection(ProjectConfigurationPlatforms) = postSolution
		{B312FF9F-D51A-4285-985C-479E7023B266}.Debug|Any CPU.ActiveCfg = Debug|Any CPU
		{B312FF9F-D51A-4285-985C-479E7023B266}.Debug|Any CPU.Build.0 = Debug|Any CPU
		{B312FF9F-D51A-4285-985C-479E7023B266}.Release|Any CPU.ActiveCfg = Release|Any CPU
		{B312FF9F-D51A-4285-985C-479E7023B266}.Release|Any CPU.Build.0 = Release|Any CPU
		{49E06251-89A5-4A0B-B329-1FE18CAA63AF}.Debug|Any CPU.ActiveCfg = Debug|Any CPU
		{49E06251-89A5-4A0B-B329-1FE18CAA63AF}.Debug|Any CPU.Build.0 = Debug|Any CPU
		{49E06251-89A5-4A0B-B329-1FE18CAA63AF}.Release|Any CPU.ActiveCfg = Release|Any CPU
		{49E06251-89A5-4A0B-B329-1FE18CAA63AF}.Release|Any CPU.Build.0 = Release|Any CPU
	EndGlobalSection
	GlobalSection(SolutionProperties) = preSolution
		HideSolutionNode = FALSE
	EndGlobalSection
	GlobalSection(ExtensibilityGlobals) = postSolution
		SolutionGuid = {A3BB387B-4B94-4F6F-96D4-1D74C8296DA9}
	EndGlobalSection
EndGlobal
